
Microsoft Visual Studio Solution File, Format Version 12.00
# Visual Studio Version 16
VisualStudioVersion = 16.0.30907.101
MinimumVisualStudioVersion = 10.0.40219.1
Project("{FAE04EC0-301F-11D3-BF4B-00C04F79EFBC}") = "ProjetNetCore", "ProjetNetCore\ProjetNetCore.csproj", "{D4A0322F-8A1E-4B33-81B2-B136FBFDF065}"
EndProject
Global
	GlobalSection(SolutionConfigurationPlatforms) = preSolution
		Debug|Any CPU = Debug|Any CPU
		Release|Any CPU = Release|Any CPU
	EndGlobalSection
	GlobalSection(ProjectConfigurationPlatforms) = postSolution
		{D4A0322F-8A1E-4B33-81B2-B136FBFDF065}.Debug|Any CPU.ActiveCfg = Debug|Any CPU
		{D4A0322F-8A1E-4B33-81B2-B136FBFDF065}.Debug|Any CPU.Build.0 = Debug|Any CPU
		{D4A0322F-8A1E-4B33-81B2-B136FBFDF065}.Release|Any CPU.ActiveCfg = Release|Any CPU
		{D4A0322F-8A1E-4B33-81B2-B136FBFDF065}.Release|Any CPU.Build.0 = Release|Any CPU
	EndGlobalSection
	GlobalSection(SolutionProperties) = preSolution
		HideSolutionNode = FALSE
	EndGlobalSection
	GlobalSection(ExtensibilityGlobals) = postSolution
		SolutionGuid = {EEC195D7-90A5-41B8-B05E-DC838FE44FF1}
	EndGlobalSection
EndGlobal
